
Microsoft Visual Studio Solution File, Format Version 12.00
# Visual Studio Version 17
VisualStudioVersion = 17.8.34408.163
MinimumVisualStudioVersion = 10.0.40219.1
Project("{FAE04EC0-301F-11D3-BF4B-00C04F79EFBC}") = "Calculator.Domain", "Calculator.Domain\Calculator.Domain.csproj", "{EEF28B38-4C64-4EFB-8DB4-53E2CE7ADF9A}"
EndProject
Project("{FAE04EC0-301F-11D3-BF4B-00C04F79EFBC}") = "Calculator.API", "Calculator.API\Calculator.API.csproj", "{8D2A4E49-889C-4F39-970E-7AB28783318B}"
EndProject
Global
	GlobalSection(SolutionConfigurationPlatforms) = preSolution
		Debug|Any CPU = Debug|Any CPU
		Release|Any CPU = Release|Any CPU
	EndGlobalSection
	GlobalSection(ProjectConfigurationPlatforms) = postSolution
		{EEF28B38-4C64-4EFB-8DB4-53E2CE7ADF9A}.Debug|Any CPU.ActiveCfg = Debug|Any CPU
		{EEF28B38-4C64-4EFB-8DB4-53E2CE7ADF9A}.Debug|Any CPU.Build.0 = Debug|Any CPU
		{EEF28B38-4C64-4EFB-8DB4-53E2CE7ADF9A}.Release|Any CPU.ActiveCfg = Release|Any CPU
		{EEF28B38-4C64-4EFB-8DB4-53E2CE7ADF9A}.Release|Any CPU.Build.0 = Release|Any CPU
		{8D2A4E49-889C-4F39-970E-7AB28783318B}.Debug|Any CPU.ActiveCfg = Debug|Any CPU
		{8D2A4E49-889C-4F39-970E-7AB28783318B}.Debug|Any CPU.Build.0 = Debug|Any CPU
		{8D2A4E49-889C-4F39-970E-7AB28783318B}.Release|Any CPU.ActiveCfg = Release|Any CPU
		{8D2A4E49-889C-4F39-970E-7AB28783318B}.Release|Any CPU.Build.0 = Release|Any CPU
	EndGlobalSection
	GlobalSection(SolutionProperties) = preSolution
		HideSolutionNode = FALSE
	EndGlobalSection
	GlobalSection(ExtensibilityGlobals) = postSolution
		SolutionGuid = {7143A570-D5BE-4CEB-982D-11EACB3856C7}
	EndGlobalSection
EndGlobal
